
Microsoft Visual Studio Solution File, Format Version 12.00
# Visual Studio Version 17
VisualStudioVersion = 17.7.34202.233
MinimumVisualStudioVersion = 10.0.40219.1
Project("{FAE04EC0-301F-11D3-BF4B-00C04F79EFBC}") = "ConsoleAppForTest", "ConsoleAppForTest\ConsoleAppForTest.csproj", "{A44FC8F8-27B6-4AE2-83C7-4133E6BDA23E}"
EndProject
Global
	GlobalSection(SolutionConfigurationPlatforms) = preSolution
		Debug|Any CPU = Debug|Any CPU
		Release|Any CPU = Release|Any CPU
	EndGlobalSection
	GlobalSection(ProjectConfigurationPlatforms) = postSolution
		{A44FC8F8-27B6-4AE2-83C7-4133E6BDA23E}.Debug|Any CPU.ActiveCfg = Debug|Any CPU
		{A44FC8F8-27B6-4AE2-83C7-4133E6BDA23E}.Debug|Any CPU.Build.0 = Debug|Any CPU
		{A44FC8F8-27B6-4AE2-83C7-4133E6BDA23E}.Release|Any CPU.ActiveCfg = Release|Any CPU
		{A44FC8F8-27B6-4AE2-83C7-4133E6BDA23E}.Release|Any CPU.Build.0 = Release|Any CPU
	EndGlobalSection
	GlobalSection(SolutionProperties) = preSolution
		HideSolutionNode = FALSE
	EndGlobalSection
	GlobalSection(ExtensibilityGlobals) = postSolution
		SolutionGuid = {C7EE76AC-1E80-4D8C-820C-1DA2CBA9716A}
	EndGlobalSection
EndGlobal
